
Microsoft Visual Studio Solution File, Format Version 12.00
# Visual Studio Version 16
VisualStudioVersion = 16.0.31005.135
MinimumVisualStudioVersion = 10.0.40219.1
Project("{FAE04EC0-301F-11D3-BF4B-00C04F79EFBC}") = "IPTMU.MathKernel", "IPTMU.MathKernel\IPTMU.MathKernel.csproj", "{507A3D9F-F248-4391-B4FD-34C073725C25}"
EndProject
Project("{FAE04EC0-301F-11D3-BF4B-00C04F79EFBC}") = "IPTMU.AngularMotionSimulation", "IPTMU.AngularMotionSimulation\IPTMU.AngularMotionSimulation.csproj", "{0D50E758-FD44-4F97-9F84-2F0F6B164B4A}"
EndProject
Project("{FAE04EC0-301F-11D3-BF4B-00C04F79EFBC}") = "IPTMU.Auxiliaries", "IPTMU.Auxiliaries\IPTMU.Auxiliaries.csproj", "{EA12D909-8AB1-4F56-8EA3-FD4E303418C1}"
EndProject
Project("{FAE04EC0-301F-11D3-BF4B-00C04F79EFBC}") = "IPTMU.OrientationAlgorithms", "IPTMU.OrientationAlgorithms\IPTMU.OrientationAlgorithms.csproj", "{C51B0931-1D23-4576-BCE2-89D25C7C1D10}"
EndProject
Project("{FAE04EC0-301F-11D3-BF4B-00C04F79EFBC}") = "IPTMU.OrientationAlgorithmsSimulation", "IPTMU.OrientationAlgorithmsSimulation\IPTMU.OrientationAlgorithmsSimulation.csproj", "{84B23B25-C19C-4DC7-86F3-08060CEB7F1A}"
EndProject
Global
	GlobalSection(SolutionConfigurationPlatforms) = preSolution
		Debug|Any CPU = Debug|Any CPU
		Release|Any CPU = Release|Any CPU
	EndGlobalSection
	GlobalSection(ProjectConfigurationPlatforms) = postSolution
		{507A3D9F-F248-4391-B4FD-34C073725C25}.Debug|Any CPU.ActiveCfg = Debug|Any CPU
		{507A3D9F-F248-4391-B4FD-34C073725C25}.Debug|Any CPU.Build.0 = Debug|Any CPU
		{507A3D9F-F248-4391-B4FD-34C073725C25}.Release|Any CPU.ActiveCfg = Release|Any CPU
		{507A3D9F-F248-4391-B4FD-34C073725C25}.Release|Any CPU.Build.0 = Release|Any CPU
		{0D50E758-FD44-4F97-9F84-2F0F6B164B4A}.Debug|Any CPU.ActiveCfg = Debug|Any CPU
		{0D50E758-FD44-4F97-9F84-2F0F6B164B4A}.Debug|Any CPU.Build.0 = Debug|Any CPU
		{0D50E758-FD44-4F97-9F84-2F0F6B164B4A}.Release|Any CPU.ActiveCfg = Release|Any CPU
		{0D50E758-FD44-4F97-9F84-2F0F6B164B4A}.Release|Any CPU.Build.0 = Release|Any CPU
		{EA12D909-8AB1-4F56-8EA3-FD4E303418C1}.Debug|Any CPU.ActiveCfg = Debug|Any CPU
		{EA12D909-8AB1-4F56-8EA3-FD4E303418C1}.Debug|Any CPU.Build.0 = Debug|Any CPU
		{EA12D909-8AB1-4F56-8EA3-FD4E303418C1}.Release|Any CPU.ActiveCfg = Release|Any CPU
		{EA12D909-8AB1-4F56-8EA3-FD4E303418C1}.Release|Any CPU.Build.0 = Release|Any CPU
		{C51B0931-1D23-4576-BCE2-89D25C7C1D10}.Debug|Any CPU.ActiveCfg = Debug|Any CPU
		{C51B0931-1D23-4576-BCE2-89D25C7C1D10}.Debug|Any CPU.Build.0 = Debug|Any CPU
		{C51B0931-1D23-4576-BCE2-89D25C7C1D10}.Release|Any CPU.ActiveCfg = Release|Any CPU
		{C51B0931-1D23-4576-BCE2-89D25C7C1D10}.Release|Any CPU.Build.0 = Release|Any CPU
		{84B23B25-C19C-4DC7-86F3-08060CEB7F1A}.Debug|Any CPU.ActiveCfg = Debug|Any CPU
		{84B23B25-C19C-4DC7-86F3-08060CEB7F1A}.Debug|Any CPU.Build.0 = Debug|Any CPU
		{84B23B25-C19C-4DC7-86F3-08060CEB7F1A}.Release|Any CPU.ActiveCfg = Release|Any CPU
		{84B23B25-C19C-4DC7-86F3-08060CEB7F1A}.Release|Any CPU.Build.0 = Release|Any CPU
	EndGlobalSection
	GlobalSection(SolutionProperties) = preSolution
		HideSolutionNode = FALSE
	EndGlobalSection
	GlobalSection(ExtensibilityGlobals) = postSolution
		SolutionGuid = {6891704E-112A-422F-9E16-7D3FE46CA042}
	EndGlobalSection
EndGlobal
